// !$*UTF8*$!
{
	archiveVersion = 1;
	classes = {
	};
	objectVersion = 55;
	objects = {

/* Begin PBXBuildFile section */
		DD6E53F628071210001F32E5 /* AppDelegate.swift in Sources */ = {isa = PBXBuildFile; fileRef = DD6E53F528071210001F32E5 /* AppDelegate.swift */; };
		DD6E53F828071210001F32E5 /* SceneDelegate.swift in Sources */ = {isa = PBXBuildFile; fileRef = DD6E53F728071210001F32E5 /* SceneDelegate.swift */; };
		DD6E53FA28071210001F32E5 /* ViewController.swift in Sources */ = {isa = PBXBuildFile; fileRef = DD6E53F928071210001F32E5 /* ViewController.swift */; };
		DD6E53FD28071210001F32E5 /* Main.storyboard in Resources */ = {isa = PBXBuildFile; fileRef = DD6E53FB28071210001F32E5 /* Main.storyboard */; };
		DD6E53FF28071212001F32E5 /* Assets.xcassets in Resources */ = {isa = PBXBuildFile; fileRef = DD6E53FE28071212001F32E5 /* Assets.xcassets */; };
		DD6E540228071212001F32E5 /* LaunchScreen.storyboard in Resources */ = {isa = PBXBuildFile; fileRef = DD6E540028071212001F32E5 /* LaunchScreen.storyboard */; };
		DD6E54322807156D001F32E5 /* map_pinup_custom@3x.png in Resources */ = {isa = PBXBuildFile; fileRef = DD6E540D2807156D001F32E5 /* map_pinup_custom@3x.png */; };
		DD6E54332807156D001F32E5 /* map_pin_custom.png in Resources */ = {isa = PBXBuildFile; fileRef = DD6E540E2807156D001F32E5 /* map_pin_custom.png */; };
		DD6E54342807156D001F32E5 /* shadow_balloon.png in Resources */ = {isa = PBXBuildFile; fileRef = DD6E540F2807156D001F32E5 /* shadow_balloon.png */; };
		DD6E54352807156D001F32E5 /* map_pinup.png in Resources */ = {isa = PBXBuildFile; fileRef = DD6E54102807156D001F32E5 /* map_pinup.png */; };
		DD6E54362807156D001F32E5 /* detail_button.png in Resources */ = {isa = PBXBuildFile; fileRef = DD6E54112807156D001F32E5 /* detail_button.png */; };
		DD6E54372807156D001F32E5 /* map_pin_custom@3x.png in Resources */ = {isa = PBXBuildFile; fileRef = DD6E54122807156D001F32E5 /* map_pin_custom@3x.png */; };
		DD6E54382807156D001F32E5 /* map_pinup@3x.png in Resources */ = {isa = PBXBuildFile; fileRef = DD6E54132807156D001F32E5 /* map_pinup@3x.png */; };
		DD6E54392807156D001F32E5 /* map_pin_shadow@3x.png in Resources */ = {isa = PBXBuildFile; fileRef = DD6E54142807156D001F32E5 /* map_pin_shadow@3x.png */; };
		DD6E543A2807156D001F32E5 /* copyright.png in Resources */ = {isa = PBXBuildFile; fileRef = DD6E54152807156D001F32E5 /* copyright.png */; };
		DD6E543B2807156D001F32E5 /* th_line.png in Resources */ = {isa = PBXBuildFile; fileRef = DD6E54162807156D001F32E5 /* th_line.png */; };
		DD6E543C2807156D001F32E5 /* map_pin_red@3x.png in Resources */ = {isa = PBXBuildFile; fileRef = DD6E54172807156D001F32E5 /* map_pin_red@3x.png */; };
		DD6E543D2807156D001F32E5 /* daum_copyright.png in Resources */ = {isa = PBXBuildFile; fileRef = DD6E54182807156D001F32E5 /* daum_copyright.png */; };
		DD6E543E2807156D001F32E5 /* map_pin@3x.png in Resources */ = {isa = PBXBuildFile; fileRef = DD6E54192807156D001F32E5 /* map_pin@3x.png */; };
		DD6E543F2807156D001F32E5 /* map_present_tracking.png in Resources */ = {isa = PBXBuildFile; fileRef = DD6E541A2807156D001F32E5 /* map_present_tracking.png */; };
		DD6E54402807156D001F32E5 /* map_pin_red.png in Resources */ = {isa = PBXBuildFile; fileRef = DD6E541B2807156D001F32E5 /* map_pin_red.png */; };
		DD6E54412807156D001F32E5 /* info_box.png in Resources */ = {isa = PBXBuildFile; fileRef = DD6E54252807156D001F32E5 /* info_box.png */; };
		DD6E54422807156D001F32E5 /* point_sprite.png in Resources */ = {isa = PBXBuildFile; fileRef = DD6E54262807156D001F32E5 /* point_sprite.png */; };
		DD6E54432807156D001F32E5 /* map_pinup_custom.png in Resources */ = {isa = PBXBuildFile; fileRef = DD6E54272807156D001F32E5 /* map_pinup_custom.png */; };
		DD6E54442807156D001F32E5 /* info_box_tail.png in Resources */ = {isa = PBXBuildFile; fileRef = DD6E54282807156D001F32E5 /* info_box_tail.png */; };
		DD6E54452807156D001F32E5 /* noimage256.png in Resources */ = {isa = PBXBuildFile; fileRef = DD6E54292807156D001F32E5 /* noimage256.png */; };
		DD6E54462807156D001F32E5 /* map_present_direction.png in Resources */ = {isa = PBXBuildFile; fileRef = DD6E542A2807156D001F32E5 /* map_present_direction.png */; };
		DD6E54472807156D001F32E5 /* map_pin.png in Resources */ = {isa = PBXBuildFile; fileRef = DD6E542B2807156D001F32E5 /* map_pin.png */; };
		DD6E54482807156D001F32E5 /* map_present.png in Resources */ = {isa = PBXBuildFile; fileRef = DD6E542C2807156D001F32E5 /* map_present.png */; };
		DD6E54492807156D001F32E5 /* noimage.png in Resources */ = {isa = PBXBuildFile; fileRef = DD6E542D2807156D001F32E5 /* noimage.png */; };
		DD6E544A2807156D001F32E5 /* map_present_background_update.png in Resources */ = {isa = PBXBuildFile; fileRef = DD6E542E2807156D001F32E5 /* map_present_background_update.png */; };
		DD6E544B2807156D001F32E5 /* daum_th_line.png in Resources */ = {isa = PBXBuildFile; fileRef = DD6E542F2807156D001F32E5 /* daum_th_line.png */; };
		DD6E544C2807156D001F32E5 /* map_pin_shadow.png in Resources */ = {isa = PBXBuildFile; fileRef = DD6E54302807156D001F32E5 /* map_pin_shadow.png */; };
		DD6E544D2807156D001F32E5 /* DaumMap.framework in Frameworks */ = {isa = PBXBuildFile; fileRef = DD6E54312807156D001F32E5 /* DaumMap.framework */; };
		DD6E54512807165B001F32E5 /* OpenGLES.framework in Frameworks */ = {isa = PBXBuildFile; fileRef = DD6E54502807165B001F32E5 /* OpenGLES.framework */; };
		DD6E545328071666001F32E5 /* SystemConfiguration.framework in Frameworks */ = {isa = PBXBuildFile; fileRef = DD6E545228071666001F32E5 /* SystemConfiguration.framework */; };
		DD6E545528071679001F32E5 /* CoreLocation.framework in Frameworks */ = {isa = PBXBuildFile; fileRef = DD6E545428071679001F32E5 /* CoreLocation.framework */; };
		DD6E54572807167E001F32E5 /* QuartzCore.framework in Frameworks */ = {isa = PBXBuildFile; fileRef = DD6E54562807167E001F32E5 /* QuartzCore.framework */; };
		DD6E54592807168E001F32E5 /* libc++.tbd in Frameworks */ = {isa = PBXBuildFile; fileRef = DD6E54582807168E001F32E5 /* libc++.tbd */; };
		DD6E545B2807169F001F32E5 /* libxml2.tbd in Frameworks */ = {isa = PBXBuildFile; fileRef = DD6E545A2807169F001F32E5 /* libxml2.tbd */; };
		DD6E545D280716A9001F32E5 /* libsqlite3.tbd in Frameworks */ = {isa = PBXBuildFile; fileRef = DD6E545C280716A9001F32E5 /* libsqlite3.tbd */; };
/* End PBXBuildFile section */

/* Begin PBXFileReference section */
		DD6E53F228071210001F32E5 /* FindMyCVS.app */ = {isa = PBXFileReference; explicitFileType = wrapper.application; includeInIndex = 0; path = FindMyCVS.app; sourceTree = BUILT_PRODUCTS_DIR; };
		DD6E53F528071210001F32E5 /* AppDelegate.swift */ = {isa = PBXFileReference; lastKnownFileType = sourcecode.swift; path = AppDelegate.swift; sourceTree = "<group>"; };
		DD6E53F728071210001F32E5 /* SceneDelegate.swift */ = {isa = PBXFileReference; lastKnownFileType = sourcecode.swift; path = SceneDelegate.swift; sourceTree = "<group>"; };
		DD6E53F928071210001F32E5 /* ViewController.swift */ = {isa = PBXFileReference; lastKnownFileType = sourcecode.swift; path = ViewController.swift; sourceTree = "<group>"; };
		DD6E53FC28071210001F32E5 /* Base */ = {isa = PBXFileReference; lastKnownFileType = file.storyboard; name = Base; path = Base.lproj/Main.storyboard; sourceTree = "<group>"; };
		DD6E53FE28071212001F32E5 /* Assets.xcassets */ = {isa = PBXFileReference; lastKnownFileType = folder.assetcatalog; path = Assets.xcassets; sourceTree = "<group>"; };
		DD6E540128071212001F32E5 /* Base */ = {isa = PBXFileReference; lastKnownFileType = file.storyboard; name = Base; path = Base.lproj/LaunchScreen.storyboard; sourceTree = "<group>"; };
		DD6E540328071212001F32E5 /* Info.plist */ = {isa = PBXFileReference; lastKnownFileType = text.plist.xml; path = Info.plist; sourceTree = "<group>"; };
		DD6E540D2807156D001F32E5 /* map_pinup_custom@3x.png */ = {isa = PBXFileReference; lastKnownFileType = image.png; path = "map_pinup_custom@3x.png"; sourceTree = "<group>"; };
		DD6E540E2807156D001F32E5 /* map_pin_custom.png */ = {isa = PBXFileReference; lastKnownFileType = image.png; path = map_pin_custom.png; sourceTree = "<group>"; };
		DD6E540F2807156D001F32E5 /* shadow_balloon.png */ = {isa = PBXFileReference; lastKnownFileType = image.png; path = shadow_balloon.png; sourceTree = "<group>"; };
		DD6E54102807156D001F32E5 /* map_pinup.png */ = {isa = PBXFileReference; lastKnownFileType = image.png; path = map_pinup.png; sourceTree = "<group>"; };
		DD6E54112807156D001F32E5 /* detail_button.png */ = {isa = PBXFileReference; lastKnownFileType = image.png; path = detail_button.png; sourceTree = "<group>"; };
		DD6E54122807156D001F32E5 /* map_pin_custom@3x.png */ = {isa = PBXFileReference; lastKnownFileType = image.png; path = "map_pin_custom@3x.png"; sourceTree = "<group>"; };
		DD6E54132807156D001F32E5 /* map_pinup@3x.png */ = {isa = PBXFileReference; lastKnownFileType = image.png; path = "map_pinup@3x.png"; sourceTree = "<group>"; };
		DD6E54142807156D001F32E5 /* map_pin_shadow@3x.png */ = {isa = PBXFileReference; lastKnownFileType = image.png; path = "map_pin_shadow@3x.png"; sourceTree = "<group>"; };
		DD6E54152807156D001F32E5 /* copyright.png */ = {isa = PBXFileReference; lastKnownFileType = image.png; path = copyright.png; sourceTree = "<group>"; };
		DD6E54162807156D001F32E5 /* th_line.png */ = {isa = PBXFileReference; lastKnownFileType = image.png; path = th_line.png; sourceTree = "<group>"; };
		DD6E54172807156D001F32E5 /* map_pin_red@3x.png */ = {isa = PBXFileReference; lastKnownFileType = image.png; path = "map_pin_red@3x.png"; sourceTree = "<group>"; };
		DD6E54182807156D001F32E5 /* daum_copyright.png */ = {isa = PBXFileReference; lastKnownFileType = image.png; path = daum_copyright.png; sourceTree = "<group>"; };
		DD6E54192807156D001F32E5 /* map_pin@3x.png */ = {isa = PBXFileReference; lastKnownFileType = image.png; path = "map_pin@3x.png"; sourceTree = "<group>"; };
		DD6E541A2807156D001F32E5 /* map_present_tracking.png */ = {isa = PBXFileReference; lastKnownFileType = image.png; path = map_present_tracking.png; sourceTree = "<group>"; };
		DD6E541B2807156D001F32E5 /* map_pin_red.png */ = {isa = PBXFileReference; lastKnownFileType = image.png; path = map_pin_red.png; sourceTree = "<group>"; };
		DD6E541D2807156D001F32E5 /* MTMapPOIItem.h */ = {isa = PBXFileReference; fileEncoding = 4; lastKnownFileType = sourcecode.c.h; path = MTMapPOIItem.h; sourceTree = "<group>"; };
		DD6E541E2807156D001F32E5 /* MTMapCameraUpdate.h */ = {isa = PBXFileReference; fileEncoding = 4; lastKnownFileType = sourcecode.c.h; path = MTMapCameraUpdate.h; sourceTree = "<group>"; };
		DD6E541F2807156D001F32E5 /* MTMapReverseGeoCoder.h */ = {isa = PBXFileReference; fileEncoding = 4; lastKnownFileType = sourcecode.c.h; path = MTMapReverseGeoCoder.h; sourceTree = "<group>"; };
		DD6E54202807156D001F32E5 /* MTMapPolyline.h */ = {isa = PBXFileReference; fileEncoding = 4; lastKnownFileType = sourcecode.c.h; path = MTMapPolyline.h; sourceTree = "<group>"; };
		DD6E54212807156D001F32E5 /* MTMapLocationMarkerItem.h */ = {isa = PBXFileReference; fileEncoding = 4; lastKnownFileType = sourcecode.c.h; path = MTMapLocationMarkerItem.h; sourceTree = "<group>"; };
		DD6E54222807156D001F32E5 /* MTMapView.h */ = {isa = PBXFileReference; fileEncoding = 4; lastKnownFileType = sourcecode.c.h; path = MTMapView.h; sourceTree = "<group>"; };
		DD6E54232807156D001F32E5 /* MTMapGeometry.h */ = {isa = PBXFileReference; fileEncoding = 4; lastKnownFileType = sourcecode.c.h; path = MTMapGeometry.h; sourceTree = "<group>"; };
		DD6E54242807156D001F32E5 /* MTMapCircle.h */ = {isa = PBXFileReference; fileEncoding = 4; lastKnownFileType = sourcecode.c.h; path = MTMapCircle.h; sourceTree = "<group>"; };
		DD6E54252807156D001F32E5 /* info_box.png */ = {isa = PBXFileReference; lastKnownFileType = image.png; path = info_box.png; sourceTree = "<group>"; };
		DD6E54262807156D001F32E5 /* point_sprite.png */ = {isa = PBXFileReference; lastKnownFileType = image.png; path = point_sprite.png; sourceTree = "<group>"; };
		DD6E54272807156D001F32E5 /* map_pinup_custom.png */ = {isa = PBXFileReference; lastKnownFileType = image.png; path = map_pinup_custom.png; sourceTree = "<group>"; };
		DD6E54282807156D001F32E5 /* info_box_tail.png */ = {isa = PBXFileReference; lastKnownFileType = image.png; path = info_box_tail.png; sourceTree = "<group>"; };
		DD6E54292807156D001F32E5 /* noimage256.png */ = {isa = PBXFileReference; lastKnownFileType = image.png; path = noimage256.png; sourceTree = "<group>"; };
		DD6E542A2807156D001F32E5 /* map_present_direction.png */ = {isa = PBXFileReference; lastKnownFileType = image.png; path = map_present_direction.png; sourceTree = "<group>"; };
		DD6E542B2807156D001F32E5 /* map_pin.png */ = {isa = PBXFileReference; lastKnownFileType = image.png; path = map_pin.png; sourceTree = "<group>"; };
		DD6E542C2807156D001F32E5 /* map_present.png */ = {isa = PBXFileReference; lastKnownFileType = image.png; path = map_present.png; sourceTree = "<group>"; };
		DD6E542D2807156D001F32E5 /* noimage.png */ = {isa = PBXFileReference; lastKnownFileType = image.png; path = noimage.png; sourceTree = "<group>"; };
		DD6E542E2807156D001F32E5 /* map_present_background_update.png */ = {isa = PBXFileReference; lastKnownFileType = image.png; path = map_present_background_update.png; sourceTree = "<group>"; };
		DD6E542F2807156D001F32E5 /* daum_th_line.png */ = {isa = PBXFileReference; lastKnownFileType = image.png; path = daum_th_line.png; sourceTree = "<group>"; };
		DD6E54302807156D001F32E5 /* map_pin_shadow.png */ = {isa = PBXFileReference; lastKnownFileType = image.png; path = map_pin_shadow.png; sourceTree = "<group>"; };
		DD6E54312807156D001F32E5 /* DaumMap.framework */ = {isa = PBXFileReference; lastKnownFileType = wrapper.framework; path = DaumMap.framework; sourceTree = "<group>"; };
		DD6E544E280715B8001F32E5 /* BridgingHeader.h */ = {isa = PBXFileReference; lastKnownFileType = sourcecode.c.h; path = BridgingHeader.h; sourceTree = "<group>"; };
		DD6E54502807165B001F32E5 /* OpenGLES.framework */ = {isa = PBXFileReference; lastKnownFileType = wrapper.framework; name = OpenGLES.framework; path = System/Library/Frameworks/OpenGLES.framework; sourceTree = SDKROOT; };
		DD6E545228071666001F32E5 /* SystemConfiguration.framework */ = {isa = PBXFileReference; lastKnownFileType = wrapper.framework; name = SystemConfiguration.framework; path = System/Library/Frameworks/SystemConfiguration.framework; sourceTree = SDKROOT; };
		DD6E545428071679001F32E5 /* CoreLocation.framework */ = {isa = PBXFileReference; lastKnownFileType = wrapper.framework; name = CoreLocation.framework; path = System/Library/Frameworks/CoreLocation.framework; sourceTree = SDKROOT; };
		DD6E54562807167E001F32E5 /* QuartzCore.framework */ = {isa = PBXFileReference; lastKnownFileType = wrapper.framework; name = QuartzCore.framework; path = System/Library/Frameworks/QuartzCore.framework; sourceTree = SDKROOT; };
		DD6E54582807168E001F32E5 /* libc++.tbd */ = {isa = PBXFileReference; lastKnownFileType = "sourcecode.text-based-dylib-definition"; name = "libc++.tbd"; path = "usr/lib/libc++.tbd"; sourceTree = SDKROOT; };
		DD6E545A2807169F001F32E5 /* libxml2.tbd */ = {isa = PBXFileReference; lastKnownFileType = "sourcecode.text-based-dylib-definition"; name = libxml2.tbd; path = usr/lib/libxml2.tbd; sourceTree = SDKROOT; };
		DD6E545C280716A9001F32E5 /* libsqlite3.tbd */ = {isa = PBXFileReference; lastKnownFileType = "sourcecode.text-based-dylib-definition"; name = libsqlite3.tbd; path = usr/lib/libsqlite3.tbd; sourceTree = SDKROOT; };
/* End PBXFileReference section */

/* Begin PBXFrameworksBuildPhase section */
		DD6E53EF28071210001F32E5 /* Frameworks */ = {
			isa = PBXFrameworksBuildPhase;
			buildActionMask = 2147483647;
			files = (
				DD6E545D280716A9001F32E5 /* libsqlite3.tbd in Frameworks */,
				DD6E545B2807169F001F32E5 /* libxml2.tbd in Frameworks */,
				DD6E54592807168E001F32E5 /* libc++.tbd in Frameworks */,
				DD6E54572807167E001F32E5 /* QuartzCore.framework in Frameworks */,
				DD6E545528071679001F32E5 /* CoreLocation.framework in Frameworks */,
				DD6E545328071666001F32E5 /* SystemConfiguration.framework in Frameworks */,
				DD6E54512807165B001F32E5 /* OpenGLES.framework in Frameworks */,
				DD6E544D2807156D001F32E5 /* DaumMap.framework in Frameworks */,
			);
			runOnlyForDeploymentPostprocessing = 0;
		};
/* End PBXFrameworksBuildPhase section */

/* Begin PBXGroup section */
		DD6E53E928071210001F32E5 = {
			isa = PBXGroup;
			children = (
				DD6E540B2807156D001F32E5 /* DaumMap.embeddedframework */,
				DD6E53F428071210001F32E5 /* FindMyCVS */,
				DD6E53F328071210001F32E5 /* Products */,
				DD6E544F2807165B001F32E5 /* Frameworks */,
			);
			sourceTree = "<group>";
		};
		DD6E53F328071210001F32E5 /* Products */ = {
			isa = PBXGroup;
			children = (
				DD6E53F228071210001F32E5 /* FindMyCVS.app */,
			);
			name = Products;
			sourceTree = "<group>";
		};
		DD6E53F428071210001F32E5 /* FindMyCVS */ = {
			isa = PBXGroup;
			children = (
				DD6E544E280715B8001F32E5 /* BridgingHeader.h */,
				DD6E53F528071210001F32E5 /* AppDelegate.swift */,
				DD6E53F728071210001F32E5 /* SceneDelegate.swift */,
				DD6E53F928071210001F32E5 /* ViewController.swift */,
				DD6E53FB28071210001F32E5 /* Main.storyboard */,
				DD6E53FE28071212001F32E5 /* Assets.xcassets */,
				DD6E540028071212001F32E5 /* LaunchScreen.storyboard */,
				DD6E540328071212001F32E5 /* Info.plist */,
			);
			path = FindMyCVS;
			sourceTree = "<group>";
		};
		DD6E540B2807156D001F32E5 /* DaumMap.embeddedframework */ = {
			isa = PBXGroup;
			children = (
				DD6E540C2807156D001F32E5 /* Resources */,
				DD6E54312807156D001F32E5 /* DaumMap.framework */,
			);
			path = DaumMap.embeddedframework;
			sourceTree = "<group>";
		};
		DD6E540C2807156D001F32E5 /* Resources */ = {
			isa = PBXGroup;
			children = (
				DD6E540D2807156D001F32E5 /* map_pinup_custom@3x.png */,
				DD6E540E2807156D001F32E5 /* map_pin_custom.png */,
				DD6E540F2807156D001F32E5 /* shadow_balloon.png */,
				DD6E54102807156D001F32E5 /* map_pinup.png */,
				DD6E54112807156D001F32E5 /* detail_button.png */,
				DD6E54122807156D001F32E5 /* map_pin_custom@3x.png */,
				DD6E54132807156D001F32E5 /* map_pinup@3x.png */,
				DD6E54142807156D001F32E5 /* map_pin_shadow@3x.png */,
				DD6E54152807156D001F32E5 /* copyright.png */,
				DD6E54162807156D001F32E5 /* th_line.png */,
				DD6E54172807156D001F32E5 /* map_pin_red@3x.png */,
				DD6E54182807156D001F32E5 /* daum_copyright.png */,
				DD6E54192807156D001F32E5 /* map_pin@3x.png */,
				DD6E541A2807156D001F32E5 /* map_present_tracking.png */,
				DD6E541B2807156D001F32E5 /* map_pin_red.png */,
				DD6E541C2807156D001F32E5 /* Headers */,
				DD6E54252807156D001F32E5 /* info_box.png */,
				DD6E54262807156D001F32E5 /* point_sprite.png */,
				DD6E54272807156D001F32E5 /* map_pinup_custom.png */,
				DD6E54282807156D001F32E5 /* info_box_tail.png */,
				DD6E54292807156D001F32E5 /* noimage256.png */,
				DD6E542A2807156D001F32E5 /* map_present_direction.png */,
				DD6E542B2807156D001F32E5 /* map_pin.png */,
				DD6E542C2807156D001F32E5 /* map_present.png */,
				DD6E542D2807156D001F32E5 /* noimage.png */,
				DD6E542E2807156D001F32E5 /* map_present_background_update.png */,
				DD6E542F2807156D001F32E5 /* daum_th_line.png */,
				DD6E54302807156D001F32E5 /* map_pin_shadow.png */,
			);
			path = Resources;
			sourceTree = "<group>";
		};
		DD6E541C2807156D001F32E5 /* Headers */ = {
			isa = PBXGroup;
			children = (
				DD6E541D2807156D001F32E5 /* MTMapPOIItem.h */,
				DD6E541E2807156D001F32E5 /* MTMapCameraUpdate.h */,
				DD6E541F2807156D001F32E5 /* MTMapReverseGeoCoder.h */,
				DD6E54202807156D001F32E5 /* MTMapPolyline.h */,
				DD6E54212807156D001F32E5 /* MTMapLocationMarkerItem.h */,
				DD6E54222807156D001F32E5 /* MTMapView.h */,
				DD6E54232807156D001F32E5 /* MTMapGeometry.h */,
				DD6E54242807156D001F32E5 /* MTMapCircle.h */,
			);
			path = Headers;
			sourceTree = "<group>";
		};
		DD6E544F2807165B001F32E5 /* Frameworks */ = {
			isa = PBXGroup;
			children = (
				DD6E545C280716A9001F32E5 /* libsqlite3.tbd */,
				DD6E545A2807169F001F32E5 /* libxml2.tbd */,
				DD6E54582807168E001F32E5 /* libc++.tbd */,
				DD6E54562807167E001F32E5 /* QuartzCore.framework */,
				DD6E545428071679001F32E5 /* CoreLocation.framework */,
				DD6E545228071666001F32E5 /* SystemConfiguration.framework */,
				DD6E54502807165B001F32E5 /* OpenGLES.framework */,
			);
			name = Frameworks;
			sourceTree = "<group>";
		};
/* End PBXGroup section */

/* Begin PBXNativeTarget section */
		DD6E53F128071210001F32E5 /* FindMyCVS */ = {
			isa = PBXNativeTarget;
			buildConfigurationList = DD6E540628071212001F32E5 /* Build configuration list for PBXNativeTarget "FindMyCVS" */;
			buildPhases = (
				DD6E53EE28071210001F32E5 /* Sources */,
				DD6E53EF28071210001F32E5 /* Frameworks */,
				DD6E53F028071210001F32E5 /* Resources */,
			);
			buildRules = (
			);
			dependencies = (
			);
			name = FindMyCVS;
			productName = FindMyCVS;
			productReference = DD6E53F228071210001F32E5 /* FindMyCVS.app */;
			productType = "com.apple.product-type.application";
		};
/* End PBXNativeTarget section */

/* Begin PBXProject section */
		DD6E53EA28071210001F32E5 /* Project object */ = {
			isa = PBXProject;
			attributes = {
				BuildIndependentTargetsInParallel = 1;
				LastSwiftUpdateCheck = 1330;
				LastUpgradeCheck = 1330;
				TargetAttributes = {
					DD6E53F128071210001F32E5 = {
						CreatedOnToolsVersion = 13.3.1;
					};
				};
			};
			buildConfigurationList = DD6E53ED28071210001F32E5 /* Build configuration list for PBXProject "FindMyCVS" */;
			compatibilityVersion = "Xcode 13.0";
			developmentRegion = en;
			hasScannedForEncodings = 0;
			knownRegions = (
				en,
				Base,
			);
			mainGroup = DD6E53E928071210001F32E5;
			productRefGroup = DD6E53F328071210001F32E5 /* Products */;
			projectDirPath = "";
			projectRoot = "";
			targets = (
				DD6E53F128071210001F32E5 /* FindMyCVS */,
			);
		};
/* End PBXProject section */

/* Begin PBXResourcesBuildPhase section */
		DD6E53F028071210001F32E5 /* Resources */ = {
			isa = PBXResourcesBuildPhase;
			buildActionMask = 2147483647;
			files = (
				DD6E54482807156D001F32E5 /* map_present.png in Resources */,
				DD6E543E2807156D001F32E5 /* map_pin@3x.png in Resources */,
				DD6E543C2807156D001F32E5 /* map_pin_red@3x.png in Resources */,
				DD6E54472807156D001F32E5 /* map_pin.png in Resources */,
				DD6E54402807156D001F32E5 /* map_pin_red.png in Resources */,
				DD6E54322807156D001F32E5 /* map_pinup_custom@3x.png in Resources */,
				DD6E543A2807156D001F32E5 /* copyright.png in Resources */,
				DD6E54392807156D001F32E5 /* map_pin_shadow@3x.png in Resources */,
				DD6E540228071212001F32E5 /* LaunchScreen.storyboard in Resources */,
				DD6E543D2807156D001F32E5 /* daum_copyright.png in Resources */,
				DD6E54412807156D001F32E5 /* info_box.png in Resources */,
				DD6E54372807156D001F32E5 /* map_pin_custom@3x.png in Resources */,
				DD6E544C2807156D001F32E5 /* map_pin_shadow.png in Resources */,
				DD6E543F2807156D001F32E5 /* map_present_tracking.png in Resources */,
				DD6E54362807156D001F32E5 /* detail_button.png in Resources */,
				DD6E54492807156D001F32E5 /* noimage.png in Resources */,
				DD6E543B2807156D001F32E5 /* th_line.png in Resources */,
				DD6E54442807156D001F32E5 /* info_box_tail.png in Resources */,
				DD6E54332807156D001F32E5 /* map_pin_custom.png in Resources */,
				DD6E54432807156D001F32E5 /* map_pinup_custom.png in Resources */,
				DD6E54382807156D001F32E5 /* map_pinup@3x.png in Resources */,
				DD6E54422807156D001F32E5 /* point_sprite.png in Resources */,
				DD6E544A2807156D001F32E5 /* map_present_background_update.png in Resources */,
				DD6E54462807156D001F32E5 /* map_present_direction.png in Resources */,
				DD6E54452807156D001F32E5 /* noimage256.png in Resources */,
				DD6E54342807156D001F32E5 /* shadow_balloon.png in Resources */,
				DD6E53FF28071212001F32E5 /* Assets.xcassets in Resources */,
				DD6E53FD28071210001F32E5 /* Main.storyboard in Resources */,
				DD6E544B2807156D001F32E5 /* daum_th_line.png in Resources */,
				DD6E54352807156D001F32E5 /* map_pinup.png in Resources */,
			);
			runOnlyForDeploymentPostprocessing = 0;
		};
/* End PBXResourcesBuildPhase section */

/* Begin PBXSourcesBuildPhase section */
		DD6E53EE28071210001F32E5 /* Sources */ = {
			isa = PBXSourcesBuildPhase;
			buildActionMask = 2147483647;
			files = (
				DD6E53FA28071210001F32E5 /* ViewController.swift in Sources */,
				DD6E53F628071210001F32E5 /* AppDelegate.swift in Sources */,
				DD6E53F828071210001F32E5 /* SceneDelegate.swift in Sources */,
			);
			runOnlyForDeploymentPostprocessing = 0;
		};
/* End PBXSourcesBuildPhase section */

/* Begin PBXVariantGroup section */
		DD6E53FB28071210001F32E5 /* Main.storyboard */ = {
			isa = PBXVariantGroup;
			children = (
				DD6E53FC28071210001F32E5 /* Base */,
			);
			name = Main.storyboard;
			sourceTree = "<group>";
		};
		DD6E540028071212001F32E5 /* LaunchScreen.storyboard */ = {
			isa = PBXVariantGroup;
			children = (
				DD6E540128071212001F32E5 /* Base */,
			);
			name = LaunchScreen.storyboard;
			sourceTree = "<group>";
		};
/* End PBXVariantGroup section */

/* Begin XCBuildConfiguration section */
		DD6E540428071212001F32E5 /* Debug */ = {
			isa = XCBuildConfiguration;
			buildSettings = {
				ALWAYS_SEARCH_USER_PATHS = NO;
				CLANG_ANALYZER_NONNULL = YES;
				CLANG_ANALYZER_NUMBER_OBJECT_CONVERSION = YES_AGGRESSIVE;
				CLANG_CXX_LANGUAGE_STANDARD = "gnu++17";
				CLANG_ENABLE_MODULES = YES;
				CLANG_ENABLE_OBJC_ARC = NO;
				CLANG_ENABLE_OBJC_WEAK = YES;
				CLANG_WARN_BLOCK_CAPTURE_AUTORELEASING = YES;
				CLANG_WARN_BOOL_CONVERSION = YES;
				CLANG_WARN_COMMA = YES;
				CLANG_WARN_CONSTANT_CONVERSION = YES;
				CLANG_WARN_DEPRECATED_OBJC_IMPLEMENTATIONS = YES;
				CLANG_WARN_DIRECT_OBJC_ISA_USAGE = YES_ERROR;
				CLANG_WARN_DOCUMENTATION_COMMENTS = YES;
				CLANG_WARN_EMPTY_BODY = YES;
				CLANG_WARN_ENUM_CONVERSION = YES;
				CLANG_WARN_INFINITE_RECURSION = YES;
				CLANG_WARN_INT_CONVERSION = YES;
				CLANG_WARN_NON_LITERAL_NULL_CONVERSION = YES;
				CLANG_WARN_OBJC_IMPLICIT_RETAIN_SELF = YES;
				CLANG_WARN_OBJC_LITERAL_CONVERSION = YES;
				CLANG_WARN_OBJC_ROOT_CLASS = YES_ERROR;
				CLANG_WARN_QUOTED_INCLUDE_IN_FRAMEWORK_HEADER = YES;
				CLANG_WARN_RANGE_LOOP_ANALYSIS = YES;
				CLANG_WARN_STRICT_PROTOTYPES = YES;
				CLANG_WARN_SUSPICIOUS_MOVE = YES;
				CLANG_WARN_UNGUARDED_AVAILABILITY = YES_AGGRESSIVE;
				CLANG_WARN_UNREACHABLE_CODE = YES;
				CLANG_WARN__DUPLICATE_METHOD_MATCH = YES;
				COPY_PHASE_STRIP = NO;
				DEBUG_INFORMATION_FORMAT = dwarf;
				ENABLE_STRICT_OBJC_MSGSEND = YES;
				ENABLE_TESTABILITY = YES;
				GCC_C_LANGUAGE_STANDARD = gnu11;
				GCC_DYNAMIC_NO_PIC = NO;
				GCC_NO_COMMON_BLOCKS = YES;
				GCC_OPTIMIZATION_LEVEL = 0;
				GCC_PREPROCESSOR_DEFINITIONS = (
					"DEBUG=1",
					"$(inherited)",
				);
				GCC_WARN_64_TO_32_BIT_CONVERSION = YES;
				GCC_WARN_ABOUT_RETURN_TYPE = YES_ERROR;
				GCC_WARN_UNDECLARED_SELECTOR = YES;
				GCC_WARN_UNINITIALIZED_AUTOS = YES_AGGRESSIVE;
				GCC_WARN_UNUSED_FUNCTION = YES;
				GCC_WARN_UNUSED_VARIABLE = YES;
				IPHONEOS_DEPLOYMENT_TARGET = 15.4;
				MTL_ENABLE_DEBUG_INFO = INCLUDE_SOURCE;
				MTL_FAST_MATH = YES;
				ONLY_ACTIVE_ARCH = YES;
				SDKROOT = iphoneos;
				SWIFT_ACTIVE_COMPILATION_CONDITIONS = DEBUG;
				SWIFT_OPTIMIZATION_LEVEL = "-Onone";
			};
			name = Debug;
		};
		DD6E540528071212001F32E5 /* Release */ = {
			isa = XCBuildConfiguration;
			buildSettings = {
				ALWAYS_SEARCH_USER_PATHS = NO;
				CLANG_ANALYZER_NONNULL = YES;
				CLANG_ANALYZER_NUMBER_OBJECT_CONVERSION = YES_AGGRESSIVE;
				CLANG_CXX_LANGUAGE_STANDARD = "gnu++17";
				CLANG_ENABLE_MODULES = YES;
				CLANG_ENABLE_OBJC_ARC = NO;
				CLANG_ENABLE_OBJC_WEAK = YES;
				CLANG_WARN_BLOCK_CAPTURE_AUTORELEASING = YES;
				CLANG_WARN_BOOL_CONVERSION = YES;
				CLANG_WARN_COMMA = YES;
				CLANG_WARN_CONSTANT_CONVERSION = YES;
				CLANG_WARN_DEPRECATED_OBJC_IMPLEMENTATIONS = YES;
				CLANG_WARN_DIRECT_OBJC_ISA_USAGE = YES_ERROR;
				CLANG_WARN_DOCUMENTATION_COMMENTS = YES;
				CLANG_WARN_EMPTY_BODY = YES;
				CLANG_WARN_ENUM_CONVERSION = YES;
				CLANG_WARN_INFINITE_RECURSION = YES;
				CLANG_WARN_INT_CONVERSION = YES;
				CLANG_WARN_NON_LITERAL_NULL_CONVERSION = YES;
				CLANG_WARN_OBJC_IMPLICIT_RETAIN_SELF = YES;
				CLANG_WARN_OBJC_LITERAL_CONVERSION = YES;
				CLANG_WARN_OBJC_ROOT_CLASS = YES_ERROR;
				CLANG_WARN_QUOTED_INCLUDE_IN_FRAMEWORK_HEADER = YES;
				CLANG_WARN_RANGE_LOOP_ANALYSIS = YES;
				CLANG_WARN_STRICT_PROTOTYPES = YES;
				CLANG_WARN_SUSPICIOUS_MOVE = YES;
				CLANG_WARN_UNGUARDED_AVAILABILITY = YES_AGGRESSIVE;
				CLANG_WARN_UNREACHABLE_CODE = YES;
				CLANG_WARN__DUPLICATE_METHOD_MATCH = YES;
				COPY_PHASE_STRIP = NO;
				DEBUG_INFORMATION_FORMAT = "dwarf-with-dsym";
				ENABLE_NS_ASSERTIONS = NO;
				ENABLE_STRICT_OBJC_MSGSEND = YES;
				GCC_C_LANGUAGE_STANDARD = gnu11;
				GCC_NO_COMMON_BLOCKS = YES;
				GCC_WARN_64_TO_32_BIT_CONVERSION = YES;
				GCC_WARN_ABOUT_RETURN_TYPE = YES_ERROR;
				GCC_WARN_UNDECLARED_SELECTOR = YES;
				GCC_WARN_UNINITIALIZED_AUTOS = YES_AGGRESSIVE;
				GCC_WARN_UNUSED_FUNCTION = YES;
				GCC_WARN_UNUSED_VARIABLE = YES;
				IPHONEOS_DEPLOYMENT_TARGET = 15.4;
				MTL_ENABLE_DEBUG_INFO = NO;
				MTL_FAST_MATH = YES;
				SDKROOT = iphoneos;
				SWIFT_COMPILATION_MODE = wholemodule;
				SWIFT_OPTIMIZATION_LEVEL = "-O";
				VALIDATE_PRODUCT = YES;
			};
			name = Release;
		};
		DD6E540728071212001F32E5 /* Debug */ = {
			isa = XCBuildConfiguration;
			buildSettings = {
				ASSETCATALOG_COMPILER_APPICON_NAME = AppIcon;
				ASSETCATALOG_COMPILER_GLOBAL_ACCENT_COLOR_NAME = AccentColor;
				CODE_SIGN_STYLE = Automatic;
				CURRENT_PROJECT_VERSION = 1;
				DEVELOPMENT_TEAM = 6P7X76PR5Q;
				FRAMEWORK_SEARCH_PATHS = (
					"$(inherited)",
					"$(PROJECT_DIR)/DaumMap.embeddedframework",
				);
				GENERATE_INFOPLIST_FILE = YES;
				INFOPLIST_FILE = FindMyCVS/Info.plist;
				INFOPLIST_KEY_UIApplicationSupportsIndirectInputEvents = YES;
				INFOPLIST_KEY_UILaunchStoryboardName = LaunchScreen;
				INFOPLIST_KEY_UIMainStoryboardFile = Main;
				INFOPLIST_KEY_UISupportedInterfaceOrientations_iPad = "UIInterfaceOrientationPortrait UIInterfaceOrientationPortraitUpsideDown UIInterfaceOrientationLandscapeLeft UIInterfaceOrientationLandscapeRight";
				INFOPLIST_KEY_UISupportedInterfaceOrientations_iPhone = "UIInterfaceOrientationPortrait UIInterfaceOrientationLandscapeLeft UIInterfaceOrientationLandscapeRight";
				LD_RUNPATH_SEARCH_PATHS = (
					"$(inherited)",
					"@executable_path/Frameworks",
				);
				MARKETING_VERSION = 1.0;
				PRODUCT_BUNDLE_IDENTIFIER = LeePaper.FindMyCVS;
				PRODUCT_NAME = "$(TARGET_NAME)";
				SWIFT_EMIT_LOC_STRINGS = YES;
				SWIFT_OBJC_BRIDGING_HEADER = /Users/leedonghee/Desktop/Study/Project/Cycle/forOneCycle/FindMyCVS/FindMyCVS/BridgingHeader.h;
				SWIFT_VERSION = 5.0;
				TARGETED_DEVICE_FAMILY = "1,2";
			};
			name = Debug;
		};
		DD6E540828071212001F32E5 /* Release */ = {
			isa = XCBuildConfiguration;
			buildSettings = {
				ASSETCATALOG_COMPILER_APPICON_NAME = AppIcon;
				ASSETCATALOG_COMPILER_GLOBAL_ACCENT_COLOR_NAME = AccentColor;
				CODE_SIGN_STYLE = Automatic;
				CURRENT_PROJECT_VERSION = 1;
				DEVELOPMENT_TEAM = 6P7X76PR5Q;
				FRAMEWORK_SEARCH_PATHS = (
					"$(inherited)",
					"$(PROJECT_DIR)/DaumMap.embeddedframework",
				);
				GENERATE_INFOPLIST_FILE = YES;
				INFOPLIST_FILE = FindMyCVS/Info.plist;
				INFOPLIST_KEY_UIApplicationSupportsIndirectInputEvents = YES;
				INFOPLIST_KEY_UILaunchStoryboardName = LaunchScreen;
				INFOPLIST_KEY_UIMainStoryboardFile = Main;
				INFOPLIST_KEY_UISupportedInterfaceOrientations_iPad = "UIInterfaceOrientationPortrait UIInterfaceOrientationPortraitUpsideDown UIInterfaceOrientationLandscapeLeft UIInterfaceOrientationLandscapeRight";
				INFOPLIST_KEY_UISupportedInterfaceOrientations_iPhone = "UIInterfaceOrientationPortrait UIInterfaceOrientationLandscapeLeft UIInterfaceOrientationLandscapeRight";
				LD_RUNPATH_SEARCH_PATHS = (
					"$(inherited)",
					"@executable_path/Frameworks",
				);
				MARKETING_VERSION = 1.0;
				PRODUCT_BUNDLE_IDENTIFIER = LeePaper.FindMyCVS;
				PRODUCT_NAME = "$(TARGET_NAME)";
				SWIFT_EMIT_LOC_STRINGS = YES;
				SWIFT_OBJC_BRIDGING_HEADER = /Users/leedonghee/Desktop/Study/Project/Cycle/forOneCycle/FindMyCVS/FindMyCVS/BridgingHeader.h;
				SWIFT_VERSION = 5.0;
				TARGETED_DEVICE_FAMILY = "1,2";
			};
			name = Release;
		};
/* End XCBuildConfiguration section */

/* Begin XCConfigurationList section */
		DD6E53ED28071210001F32E5 /* Build configuration list for PBXProject "FindMyCVS" */ = {
			isa = XCConfigurationList;
			buildConfigurations = (
				DD6E540428071212001F32E5 /* Debug */,
				DD6E540528071212001F32E5 /* Release */,
			);
			defaultConfigurationIsVisible = 0;
			defaultConfigurationName = Release;
		};
		DD6E540628071212001F32E5 /* Build configuration list for PBXNativeTarget "FindMyCVS" */ = {
			isa = XCConfigurationList;
			buildConfigurations = (
				DD6E540728071212001F32E5 /* Debug */,
				DD6E540828071212001F32E5 /* Release */,
			);
			defaultConfigurationIsVisible = 0;
			defaultConfigurationName = Release;
		};
/* End XCConfigurationList section */
	};
	rootObject = DD6E53EA28071210001F32E5 /* Project object */;
}
