// !$*UTF8*$!
{
	archiveVersion = 1;
	classes = {
	};
	objectVersion = 55;
	objects = {

/* Begin PBXBuildFile section */
		5A5D9E5D01440C4AE8867485 /* libPods-CreditCardList.a in Frameworks */ = {isa = PBXBuildFile; fileRef = C661A73D9C21C68A105FB48F /* libPods-CreditCardList.a */; };
		DD07BC5127A027C500011DE6 /* AppDelegate.swift in Sources */ = {isa = PBXBuildFile; fileRef = DD07BC5027A027C500011DE6 /* AppDelegate.swift */; };
		DD07BC5327A027C500011DE6 /* SceneDelegate.swift in Sources */ = {isa = PBXBuildFile; fileRef = DD07BC5227A027C500011DE6 /* SceneDelegate.swift */; };
		DD07BC5827A027C500011DE6 /* Main.storyboard in Resources */ = {isa = PBXBuildFile; fileRef = DD07BC5627A027C500011DE6 /* Main.storyboard */; };
		DD07BC5A27A027C700011DE6 /* Assets.xcassets in Resources */ = {isa = PBXBuildFile; fileRef = DD07BC5927A027C700011DE6 /* Assets.xcassets */; };
		DD07BC5D27A027C700011DE6 /* LaunchScreen.storyboard in Resources */ = {isa = PBXBuildFile; fileRef = DD07BC5B27A027C700011DE6 /* LaunchScreen.storyboard */; };
		DD07BC6527A027E800011DE6 /* CardListViewController.swift in Sources */ = {isa = PBXBuildFile; fileRef = DD07BC6427A027E800011DE6 /* CardListViewController.swift */; };
		DD07BC6727A02A5000011DE6 /* CreditCard.swift in Sources */ = {isa = PBXBuildFile; fileRef = DD07BC6627A02A5000011DE6 /* CreditCard.swift */; };
		DD07BC6A27A02C1000011DE6 /* CardListCell.swift in Sources */ = {isa = PBXBuildFile; fileRef = DD07BC6827A02C1000011DE6 /* CardListCell.swift */; };
		DD07BC6B27A02C1000011DE6 /* CardListCell.xib in Resources */ = {isa = PBXBuildFile; fileRef = DD07BC6927A02C1000011DE6 /* CardListCell.xib */; };
		DD07BC6F27A16C9F00011DE6 /* CardDetailViewController.swift in Sources */ = {isa = PBXBuildFile; fileRef = DD07BC6E27A16C9F00011DE6 /* CardDetailViewController.swift */; };
		DD07BC7127A16F0100011DE6 /* money.json in Resources */ = {isa = PBXBuildFile; fileRef = DD07BC7027A16F0100011DE6 /* money.json */; };
		DD07BC7327A3E74300011DE6 /* GoogleService-Info.plist in Resources */ = {isa = PBXBuildFile; fileRef = DD07BC7227A3E74300011DE6 /* GoogleService-Info.plist */; };
/* End PBXBuildFile section */

/* Begin PBXFileReference section */
		90F65352DEA7EC7E257E2A34 /* Pods-CreditCardList.debug.xcconfig */ = {isa = PBXFileReference; includeInIndex = 1; lastKnownFileType = text.xcconfig; name = "Pods-CreditCardList.debug.xcconfig"; path = "Target Support Files/Pods-CreditCardList/Pods-CreditCardList.debug.xcconfig"; sourceTree = "<group>"; };
		9BF634400F0B69B020662011 /* Pods-CreditCardList.release.xcconfig */ = {isa = PBXFileReference; includeInIndex = 1; lastKnownFileType = text.xcconfig; name = "Pods-CreditCardList.release.xcconfig"; path = "Target Support Files/Pods-CreditCardList/Pods-CreditCardList.release.xcconfig"; sourceTree = "<group>"; };
		C661A73D9C21C68A105FB48F /* libPods-CreditCardList.a */ = {isa = PBXFileReference; explicitFileType = archive.ar; includeInIndex = 0; path = "libPods-CreditCardList.a"; sourceTree = BUILT_PRODUCTS_DIR; };
		DD07BC4D27A027C500011DE6 /* CreditCardList.app */ = {isa = PBXFileReference; explicitFileType = wrapper.application; includeInIndex = 0; path = CreditCardList.app; sourceTree = BUILT_PRODUCTS_DIR; };
		DD07BC5027A027C500011DE6 /* AppDelegate.swift */ = {isa = PBXFileReference; lastKnownFileType = sourcecode.swift; path = AppDelegate.swift; sourceTree = "<group>"; };
		DD07BC5227A027C500011DE6 /* SceneDelegate.swift */ = {isa = PBXFileReference; lastKnownFileType = sourcecode.swift; path = SceneDelegate.swift; sourceTree = "<group>"; };
		DD07BC5727A027C500011DE6 /* Base */ = {isa = PBXFileReference; lastKnownFileType = file.storyboard; name = Base; path = Base.lproj/Main.storyboard; sourceTree = "<group>"; };
		DD07BC5927A027C700011DE6 /* Assets.xcassets */ = {isa = PBXFileReference; lastKnownFileType = folder.assetcatalog; path = Assets.xcassets; sourceTree = "<group>"; };
		DD07BC5C27A027C700011DE6 /* Base */ = {isa = PBXFileReference; lastKnownFileType = file.storyboard; name = Base; path = Base.lproj/LaunchScreen.storyboard; sourceTree = "<group>"; };
		DD07BC5E27A027C700011DE6 /* Info.plist */ = {isa = PBXFileReference; lastKnownFileType = text.plist.xml; path = Info.plist; sourceTree = "<group>"; };
		DD07BC6427A027E800011DE6 /* CardListViewController.swift */ = {isa = PBXFileReference; lastKnownFileType = sourcecode.swift; path = CardListViewController.swift; sourceTree = "<group>"; };
		DD07BC6627A02A5000011DE6 /* CreditCard.swift */ = {isa = PBXFileReference; lastKnownFileType = sourcecode.swift; path = CreditCard.swift; sourceTree = "<group>"; };
		DD07BC6827A02C1000011DE6 /* CardListCell.swift */ = {isa = PBXFileReference; lastKnownFileType = sourcecode.swift; path = CardListCell.swift; sourceTree = "<group>"; };
		DD07BC6927A02C1000011DE6 /* CardListCell.xib */ = {isa = PBXFileReference; lastKnownFileType = file.xib; path = CardListCell.xib; sourceTree = "<group>"; };
		DD07BC6E27A16C9F00011DE6 /* CardDetailViewController.swift */ = {isa = PBXFileReference; lastKnownFileType = sourcecode.swift; path = CardDetailViewController.swift; sourceTree = "<group>"; };
		DD07BC7027A16F0100011DE6 /* money.json */ = {isa = PBXFileReference; fileEncoding = 4; lastKnownFileType = text.json; path = money.json; sourceTree = "<group>"; };
		DD07BC7227A3E74300011DE6 /* GoogleService-Info.plist */ = {isa = PBXFileReference; fileEncoding = 4; lastKnownFileType = text.plist.xml; path = "GoogleService-Info.plist"; sourceTree = "<group>"; };
/* End PBXFileReference section */

/* Begin PBXFrameworksBuildPhase section */
		DD07BC4A27A027C500011DE6 /* Frameworks */ = {
			isa = PBXFrameworksBuildPhase;
			buildActionMask = 2147483647;
			files = (
				5A5D9E5D01440C4AE8867485 /* libPods-CreditCardList.a in Frameworks */,
			);
			runOnlyForDeploymentPostprocessing = 0;
		};
/* End PBXFrameworksBuildPhase section */

/* Begin PBXGroup section */
		8CC87205A8BC46CA8FA6D2EB /* Pods */ = {
			isa = PBXGroup;
			children = (
				90F65352DEA7EC7E257E2A34 /* Pods-CreditCardList.debug.xcconfig */,
				9BF634400F0B69B020662011 /* Pods-CreditCardList.release.xcconfig */,
			);
			path = Pods;
			sourceTree = "<group>";
		};
		DBE0836F58F82A247AAB6166 /* Frameworks */ = {
			isa = PBXGroup;
			children = (
				C661A73D9C21C68A105FB48F /* libPods-CreditCardList.a */,
			);
			name = Frameworks;
			sourceTree = "<group>";
		};
		DD07BC4427A027C500011DE6 = {
			isa = PBXGroup;
			children = (
				DD07BC4F27A027C500011DE6 /* CreditCardList */,
				DD07BC4E27A027C500011DE6 /* Products */,
				8CC87205A8BC46CA8FA6D2EB /* Pods */,
				DBE0836F58F82A247AAB6166 /* Frameworks */,
			);
			sourceTree = "<group>";
		};
		DD07BC4E27A027C500011DE6 /* Products */ = {
			isa = PBXGroup;
			children = (
				DD07BC4D27A027C500011DE6 /* CreditCardList.app */,
			);
			name = Products;
			sourceTree = "<group>";
		};
		DD07BC4F27A027C500011DE6 /* CreditCardList */ = {
			isa = PBXGroup;
			children = (
				DD07BC7027A16F0100011DE6 /* money.json */,
				DD07BC6427A027E800011DE6 /* CardListViewController.swift */,
				DD07BC6E27A16C9F00011DE6 /* CardDetailViewController.swift */,
				DD07BC5027A027C500011DE6 /* AppDelegate.swift */,
				DD07BC5227A027C500011DE6 /* SceneDelegate.swift */,
				DD07BC5627A027C500011DE6 /* Main.storyboard */,
				DD07BC6627A02A5000011DE6 /* CreditCard.swift */,
				DD07BC5927A027C700011DE6 /* Assets.xcassets */,
				DD07BC5B27A027C700011DE6 /* LaunchScreen.storyboard */,
				DD07BC5E27A027C700011DE6 /* Info.plist */,
				DD07BC6827A02C1000011DE6 /* CardListCell.swift */,
				DD07BC6927A02C1000011DE6 /* CardListCell.xib */,
				DD07BC7227A3E74300011DE6 /* GoogleService-Info.plist */,
			);
			path = CreditCardList;
			sourceTree = "<group>";
		};
/* End PBXGroup section */

/* Begin PBXNativeTarget section */
		DD07BC4C27A027C500011DE6 /* CreditCardList */ = {
			isa = PBXNativeTarget;
			buildConfigurationList = DD07BC6127A027C700011DE6 /* Build configuration list for PBXNativeTarget "CreditCardList" */;
			buildPhases = (
				9B1F98BD144B8FC4A1D7C1D3 /* [CP] Check Pods Manifest.lock */,
				DD07BC4927A027C500011DE6 /* Sources */,
				DD07BC4A27A027C500011DE6 /* Frameworks */,
				DD07BC4B27A027C500011DE6 /* Resources */,
			);
			buildRules = (
			);
			dependencies = (
			);
			name = CreditCardList;
			productName = CreditCardList;
			productReference = DD07BC4D27A027C500011DE6 /* CreditCardList.app */;
			productType = "com.apple.product-type.application";
		};
/* End PBXNativeTarget section */

/* Begin PBXProject section */
		DD07BC4527A027C500011DE6 /* Project object */ = {
			isa = PBXProject;
			attributes = {
				BuildIndependentTargetsInParallel = 1;
				LastSwiftUpdateCheck = 1320;
				LastUpgradeCheck = 1320;
				TargetAttributes = {
					DD07BC4C27A027C500011DE6 = {
						CreatedOnToolsVersion = 13.2.1;
					};
				};
			};
			buildConfigurationList = DD07BC4827A027C500011DE6 /* Build configuration list for PBXProject "CreditCardList" */;
			compatibilityVersion = "Xcode 13.0";
			developmentRegion = en;
			hasScannedForEncodings = 0;
			knownRegions = (
				en,
				Base,
			);
			mainGroup = DD07BC4427A027C500011DE6;
			productRefGroup = DD07BC4E27A027C500011DE6 /* Products */;
			projectDirPath = "";
			projectRoot = "";
			targets = (
				DD07BC4C27A027C500011DE6 /* CreditCardList */,
			);
		};
/* End PBXProject section */

/* Begin PBXResourcesBuildPhase section */
		DD07BC4B27A027C500011DE6 /* Resources */ = {
			isa = PBXResourcesBuildPhase;
			buildActionMask = 2147483647;
			files = (
				DD07BC5D27A027C700011DE6 /* LaunchScreen.storyboard in Resources */,
				DD07BC5A27A027C700011DE6 /* Assets.xcassets in Resources */,
				DD07BC7127A16F0100011DE6 /* money.json in Resources */,
				DD07BC5827A027C500011DE6 /* Main.storyboard in Resources */,
				DD07BC6B27A02C1000011DE6 /* CardListCell.xib in Resources */,
				DD07BC7327A3E74300011DE6 /* GoogleService-Info.plist in Resources */,
			);
			runOnlyForDeploymentPostprocessing = 0;
		};
/* End PBXResourcesBuildPhase section */

/* Begin PBXShellScriptBuildPhase section */
		9B1F98BD144B8FC4A1D7C1D3 /* [CP] Check Pods Manifest.lock */ = {
			isa = PBXShellScriptBuildPhase;
			buildActionMask = 2147483647;
			files = (
			);
			inputFileListPaths = (
			);
			inputPaths = (
				"${PODS_PODFILE_DIR_PATH}/Podfile.lock",
				"${PODS_ROOT}/Manifest.lock",
			);
			name = "[CP] Check Pods Manifest.lock";
			outputFileListPaths = (
			);
			outputPaths = (
				"$(DERIVED_FILE_DIR)/Pods-CreditCardList-checkManifestLockResult.txt",
			);
			runOnlyForDeploymentPostprocessing = 0;
			shellPath = /bin/sh;
			shellScript = "diff \"${PODS_PODFILE_DIR_PATH}/Podfile.lock\" \"${PODS_ROOT}/Manifest.lock\" > /dev/null\nif [ $? != 0 ] ; then\n    # print error to STDERR\n    echo \"error: The sandbox is not in sync with the Podfile.lock. Run 'pod install' or update your CocoaPods installation.\" >&2\n    exit 1\nfi\n# This output is used by Xcode 'outputs' to avoid re-running this script phase.\necho \"SUCCESS\" > \"${SCRIPT_OUTPUT_FILE_0}\"\n";
			showEnvVarsInLog = 0;
		};
/* End PBXShellScriptBuildPhase section */

/* Begin PBXSourcesBuildPhase section */
		DD07BC4927A027C500011DE6 /* Sources */ = {
			isa = PBXSourcesBuildPhase;
			buildActionMask = 2147483647;
			files = (
				DD07BC6727A02A5000011DE6 /* CreditCard.swift in Sources */,
				DD07BC6F27A16C9F00011DE6 /* CardDetailViewController.swift in Sources */,
				DD07BC6A27A02C1000011DE6 /* CardListCell.swift in Sources */,
				DD07BC6527A027E800011DE6 /* CardListViewController.swift in Sources */,
				DD07BC5127A027C500011DE6 /* AppDelegate.swift in Sources */,
				DD07BC5327A027C500011DE6 /* SceneDelegate.swift in Sources */,
			);
			runOnlyForDeploymentPostprocessing = 0;
		};
/* End PBXSourcesBuildPhase section */

/* Begin PBXVariantGroup section */
		DD07BC5627A027C500011DE6 /* Main.storyboard */ = {
			isa = PBXVariantGroup;
			children = (
				DD07BC5727A027C500011DE6 /* Base */,
			);
			name = Main.storyboard;
			sourceTree = "<group>";
		};
		DD07BC5B27A027C700011DE6 /* LaunchScreen.storyboard */ = {
			isa = PBXVariantGroup;
			children = (
				DD07BC5C27A027C700011DE6 /* Base */,
			);
			name = LaunchScreen.storyboard;
			sourceTree = "<group>";
		};
/* End PBXVariantGroup section */

/* Begin XCBuildConfiguration section */
		DD07BC5F27A027C700011DE6 /* Debug */ = {
			isa = XCBuildConfiguration;
			buildSettings = {
				ALWAYS_SEARCH_USER_PATHS = NO;
				CLANG_ANALYZER_NONNULL = YES;
				CLANG_ANALYZER_NUMBER_OBJECT_CONVERSION = YES_AGGRESSIVE;
				CLANG_CXX_LANGUAGE_STANDARD = "gnu++17";
				CLANG_CXX_LIBRARY = "libc++";
				CLANG_ENABLE_MODULES = YES;
				CLANG_ENABLE_OBJC_ARC = YES;
				CLANG_ENABLE_OBJC_WEAK = YES;
				CLANG_WARN_BLOCK_CAPTURE_AUTORELEASING = YES;
				CLANG_WARN_BOOL_CONVERSION = YES;
				CLANG_WARN_COMMA = YES;
				CLANG_WARN_CONSTANT_CONVERSION = YES;
				CLANG_WARN_DEPRECATED_OBJC_IMPLEMENTATIONS = YES;
				CLANG_WARN_DIRECT_OBJC_ISA_USAGE = YES_ERROR;
				CLANG_WARN_DOCUMENTATION_COMMENTS = YES;
				CLANG_WARN_EMPTY_BODY = YES;
				CLANG_WARN_ENUM_CONVERSION = YES;
				CLANG_WARN_INFINITE_RECURSION = YES;
				CLANG_WARN_INT_CONVERSION = YES;
				CLANG_WARN_NON_LITERAL_NULL_CONVERSION = YES;
				CLANG_WARN_OBJC_IMPLICIT_RETAIN_SELF = YES;
				CLANG_WARN_OBJC_LITERAL_CONVERSION = YES;
				CLANG_WARN_OBJC_ROOT_CLASS = YES_ERROR;
				CLANG_WARN_QUOTED_INCLUDE_IN_FRAMEWORK_HEADER = YES;
				CLANG_WARN_RANGE_LOOP_ANALYSIS = YES;
				CLANG_WARN_STRICT_PROTOTYPES = YES;
				CLANG_WARN_SUSPICIOUS_MOVE = YES;
				CLANG_WARN_UNGUARDED_AVAILABILITY = YES_AGGRESSIVE;
				CLANG_WARN_UNREACHABLE_CODE = YES;
				CLANG_WARN__DUPLICATE_METHOD_MATCH = YES;
				COPY_PHASE_STRIP = NO;
				DEBUG_INFORMATION_FORMAT = dwarf;
				ENABLE_STRICT_OBJC_MSGSEND = YES;
				ENABLE_TESTABILITY = YES;
				GCC_C_LANGUAGE_STANDARD = gnu11;
				GCC_DYNAMIC_NO_PIC = NO;
				GCC_NO_COMMON_BLOCKS = YES;
				GCC_OPTIMIZATION_LEVEL = 0;
				GCC_PREPROCESSOR_DEFINITIONS = (
					"DEBUG=1",
					"$(inherited)",
				);
				GCC_WARN_64_TO_32_BIT_CONVERSION = YES;
				GCC_WARN_ABOUT_RETURN_TYPE = YES_ERROR;
				GCC_WARN_UNDECLARED_SELECTOR = YES;
				GCC_WARN_UNINITIALIZED_AUTOS = YES_AGGRESSIVE;
				GCC_WARN_UNUSED_FUNCTION = YES;
				GCC_WARN_UNUSED_VARIABLE = YES;
				IPHONEOS_DEPLOYMENT_TARGET = 15.2;
				MTL_ENABLE_DEBUG_INFO = INCLUDE_SOURCE;
				MTL_FAST_MATH = YES;
				ONLY_ACTIVE_ARCH = YES;
				SDKROOT = iphoneos;
				SWIFT_ACTIVE_COMPILATION_CONDITIONS = DEBUG;
				SWIFT_OPTIMIZATION_LEVEL = "-Onone";
			};
			name = Debug;
		};
		DD07BC6027A027C700011DE6 /* Release */ = {
			isa = XCBuildConfiguration;
			buildSettings = {
				ALWAYS_SEARCH_USER_PATHS = NO;
				CLANG_ANALYZER_NONNULL = YES;
				CLANG_ANALYZER_NUMBER_OBJECT_CONVERSION = YES_AGGRESSIVE;
				CLANG_CXX_LANGUAGE_STANDARD = "gnu++17";
				CLANG_CXX_LIBRARY = "libc++";
				CLANG_ENABLE_MODULES = YES;
				CLANG_ENABLE_OBJC_ARC = YES;
				CLANG_ENABLE_OBJC_WEAK = YES;
				CLANG_WARN_BLOCK_CAPTURE_AUTORELEASING = YES;
				CLANG_WARN_BOOL_CONVERSION = YES;
				CLANG_WARN_COMMA = YES;
				CLANG_WARN_CONSTANT_CONVERSION = YES;
				CLANG_WARN_DEPRECATED_OBJC_IMPLEMENTATIONS = YES;
				CLANG_WARN_DIRECT_OBJC_ISA_USAGE = YES_ERROR;
				CLANG_WARN_DOCUMENTATION_COMMENTS = YES;
				CLANG_WARN_EMPTY_BODY = YES;
				CLANG_WARN_ENUM_CONVERSION = YES;
				CLANG_WARN_INFINITE_RECURSION = YES;
				CLANG_WARN_INT_CONVERSION = YES;
				CLANG_WARN_NON_LITERAL_NULL_CONVERSION = YES;
				CLANG_WARN_OBJC_IMPLICIT_RETAIN_SELF = YES;
				CLANG_WARN_OBJC_LITERAL_CONVERSION = YES;
				CLANG_WARN_OBJC_ROOT_CLASS = YES_ERROR;
				CLANG_WARN_QUOTED_INCLUDE_IN_FRAMEWORK_HEADER = YES;
				CLANG_WARN_RANGE_LOOP_ANALYSIS = YES;
				CLANG_WARN_STRICT_PROTOTYPES = YES;
				CLANG_WARN_SUSPICIOUS_MOVE = YES;
				CLANG_WARN_UNGUARDED_AVAILABILITY = YES_AGGRESSIVE;
				CLANG_WARN_UNREACHABLE_CODE = YES;
				CLANG_WARN__DUPLICATE_METHOD_MATCH = YES;
				COPY_PHASE_STRIP = NO;
				DEBUG_INFORMATION_FORMAT = "dwarf-with-dsym";
				ENABLE_NS_ASSERTIONS = NO;
				ENABLE_STRICT_OBJC_MSGSEND = YES;
				GCC_C_LANGUAGE_STANDARD = gnu11;
				GCC_NO_COMMON_BLOCKS = YES;
				GCC_WARN_64_TO_32_BIT_CONVERSION = YES;
				GCC_WARN_ABOUT_RETURN_TYPE = YES_ERROR;
				GCC_WARN_UNDECLARED_SELECTOR = YES;
				GCC_WARN_UNINITIALIZED_AUTOS = YES_AGGRESSIVE;
				GCC_WARN_UNUSED_FUNCTION = YES;
				GCC_WARN_UNUSED_VARIABLE = YES;
				IPHONEOS_DEPLOYMENT_TARGET = 15.2;
				MTL_ENABLE_DEBUG_INFO = NO;
				MTL_FAST_MATH = YES;
				SDKROOT = iphoneos;
				SWIFT_COMPILATION_MODE = wholemodule;
				SWIFT_OPTIMIZATION_LEVEL = "-O";
				VALIDATE_PRODUCT = YES;
			};
			name = Release;
		};
		DD07BC6227A027C700011DE6 /* Debug */ = {
			isa = XCBuildConfiguration;
			baseConfigurationReference = 90F65352DEA7EC7E257E2A34 /* Pods-CreditCardList.debug.xcconfig */;
			buildSettings = {
				ASSETCATALOG_COMPILER_APPICON_NAME = AppIcon;
				ASSETCATALOG_COMPILER_GLOBAL_ACCENT_COLOR_NAME = AccentColor;
				CODE_SIGN_STYLE = Automatic;
				CURRENT_PROJECT_VERSION = 1;
				DEVELOPMENT_TEAM = 6P7X76PR5Q;
				GENERATE_INFOPLIST_FILE = YES;
				INFOPLIST_FILE = CreditCardList/Info.plist;
				INFOPLIST_KEY_UIApplicationSupportsIndirectInputEvents = YES;
				INFOPLIST_KEY_UILaunchStoryboardName = LaunchScreen;
				INFOPLIST_KEY_UIMainStoryboardFile = Main;
				INFOPLIST_KEY_UISupportedInterfaceOrientations_iPad = "UIInterfaceOrientationPortrait UIInterfaceOrientationPortraitUpsideDown UIInterfaceOrientationLandscapeLeft UIInterfaceOrientationLandscapeRight";
				INFOPLIST_KEY_UISupportedInterfaceOrientations_iPhone = "UIInterfaceOrientationPortrait UIInterfaceOrientationLandscapeLeft UIInterfaceOrientationLandscapeRight";
				LD_RUNPATH_SEARCH_PATHS = (
					"$(inherited)",
					"@executable_path/Frameworks",
				);
				MARKETING_VERSION = 1.0;
				PRODUCT_BUNDLE_IDENTIFIER = LeePaper.CreditCardList;
				PRODUCT_NAME = "$(TARGET_NAME)";
				SWIFT_EMIT_LOC_STRINGS = YES;
				SWIFT_VERSION = 5.0;
				TARGETED_DEVICE_FAMILY = "1,2";
			};
			name = Debug;
		};
		DD07BC6327A027C700011DE6 /* Release */ = {
			isa = XCBuildConfiguration;
			baseConfigurationReference = 9BF634400F0B69B020662011 /* Pods-CreditCardList.release.xcconfig */;
			buildSettings = {
				ASSETCATALOG_COMPILER_APPICON_NAME = AppIcon;
				ASSETCATALOG_COMPILER_GLOBAL_ACCENT_COLOR_NAME = AccentColor;
				CODE_SIGN_STYLE = Automatic;
				CURRENT_PROJECT_VERSION = 1;
				DEVELOPMENT_TEAM = 6P7X76PR5Q;
				GENERATE_INFOPLIST_FILE = YES;
				INFOPLIST_FILE = CreditCardList/Info.plist;
				INFOPLIST_KEY_UIApplicationSupportsIndirectInputEvents = YES;
				INFOPLIST_KEY_UILaunchStoryboardName = LaunchScreen;
				INFOPLIST_KEY_UIMainStoryboardFile = Main;
				INFOPLIST_KEY_UISupportedInterfaceOrientations_iPad = "UIInterfaceOrientationPortrait UIInterfaceOrientationPortraitUpsideDown UIInterfaceOrientationLandscapeLeft UIInterfaceOrientationLandscapeRight";
				INFOPLIST_KEY_UISupportedInterfaceOrientations_iPhone = "UIInterfaceOrientationPortrait UIInterfaceOrientationLandscapeLeft UIInterfaceOrientationLandscapeRight";
				LD_RUNPATH_SEARCH_PATHS = (
					"$(inherited)",
					"@executable_path/Frameworks",
				);
				MARKETING_VERSION = 1.0;
				PRODUCT_BUNDLE_IDENTIFIER = LeePaper.CreditCardList;
				PRODUCT_NAME = "$(TARGET_NAME)";
				SWIFT_EMIT_LOC_STRINGS = YES;
				SWIFT_VERSION = 5.0;
				TARGETED_DEVICE_FAMILY = "1,2";
			};
			name = Release;
		};
/* End XCBuildConfiguration section */

/* Begin XCConfigurationList section */
		DD07BC4827A027C500011DE6 /* Build configuration list for PBXProject "CreditCardList" */ = {
			isa = XCConfigurationList;
			buildConfigurations = (
				DD07BC5F27A027C700011DE6 /* Debug */,
				DD07BC6027A027C700011DE6 /* Release */,
			);
			defaultConfigurationIsVisible = 0;
			defaultConfigurationName = Release;
		};
		DD07BC6127A027C700011DE6 /* Build configuration list for PBXNativeTarget "CreditCardList" */ = {
			isa = XCConfigurationList;
			buildConfigurations = (
				DD07BC6227A027C700011DE6 /* Debug */,
				DD07BC6327A027C700011DE6 /* Release */,
			);
			defaultConfigurationIsVisible = 0;
			defaultConfigurationName = Release;
		};
/* End XCConfigurationList section */
	};
	rootObject = DD07BC4527A027C500011DE6 /* Project object */;
}
