// !$*UTF8*$!
{
	archiveVersion = 1;
	classes = {
	};
	objectVersion = 55;
	objects = {

/* Begin PBXBuildFile section */
		DD14377A27DCDF9800B7EE4B /* AppDelegate.swift in Sources */ = {isa = PBXBuildFile; fileRef = DD14377927DCDF9800B7EE4B /* AppDelegate.swift */; };
		DD14377C27DCDF9800B7EE4B /* SceneDelegate.swift in Sources */ = {isa = PBXBuildFile; fileRef = DD14377B27DCDF9800B7EE4B /* SceneDelegate.swift */; };
		DD14377E27DCDF9800B7EE4B /* TabBarController.swift in Sources */ = {isa = PBXBuildFile; fileRef = DD14377D27DCDF9800B7EE4B /* TabBarController.swift */; };
		DD14378327DCDF9900B7EE4B /* Assets.xcassets in Resources */ = {isa = PBXBuildFile; fileRef = DD14378227DCDF9900B7EE4B /* Assets.xcassets */; };
		DD14378627DCDF9900B7EE4B /* LaunchScreen.storyboard in Resources */ = {isa = PBXBuildFile; fileRef = DD14378427DCDF9900B7EE4B /* LaunchScreen.storyboard */; };
		DD14378F27DCE04000B7EE4B /* SnapKit in Frameworks */ = {isa = PBXBuildFile; productRef = DD14378E27DCE04000B7EE4B /* SnapKit */; };
		DD14379227DCE07100B7EE4B /* Kingfisher in Frameworks */ = {isa = PBXBuildFile; productRef = DD14379127DCE07000B7EE4B /* Kingfisher */; };
		DD14379627DE0EA300B7EE4B /* TodayViewController.swift in Sources */ = {isa = PBXBuildFile; fileRef = DD14379527DE0EA300B7EE4B /* TodayViewController.swift */; };
		DD14379827DE156600B7EE4B /* TodayCollectionViewCell.swift in Sources */ = {isa = PBXBuildFile; fileRef = DD14379727DE156600B7EE4B /* TodayCollectionViewCell.swift */; };
		DD14379A27DE24B800B7EE4B /* TodayCollectionHeaderView.swift in Sources */ = {isa = PBXBuildFile; fileRef = DD14379927DE24B800B7EE4B /* TodayCollectionHeaderView.swift */; };
		DD14379C27DEF28600B7EE4B /* AppViewController.swift in Sources */ = {isa = PBXBuildFile; fileRef = DD14379B27DEF28600B7EE4B /* AppViewController.swift */; };
		DD14379F27DF109A00B7EE4B /* FeatureSectionView.swift in Sources */ = {isa = PBXBuildFile; fileRef = DD14379E27DF109A00B7EE4B /* FeatureSectionView.swift */; };
		DD1437A127DF18AF00B7EE4B /* FeatureSectionCollectionViewCell.swift in Sources */ = {isa = PBXBuildFile; fileRef = DD1437A027DF18AF00B7EE4B /* FeatureSectionCollectionViewCell.swift */; };
		DD1437A327DF211900B7EE4B /* SeparatorView.swift in Sources */ = {isa = PBXBuildFile; fileRef = DD1437A227DF211900B7EE4B /* SeparatorView.swift */; };
		DD1437A527DF23A800B7EE4B /* RankingFeatureSectionView.swift in Sources */ = {isa = PBXBuildFile; fileRef = DD1437A427DF23A800B7EE4B /* RankingFeatureSectionView.swift */; };
		DD1437A727E0671300B7EE4B /* RankingFeatureSectionViewCell.swift in Sources */ = {isa = PBXBuildFile; fileRef = DD1437A627E0671300B7EE4B /* RankingFeatureSectionViewCell.swift */; };
/* End PBXBuildFile section */

/* Begin PBXFileReference section */
		DD14377627DCDF9700B7EE4B /* AppStore.app */ = {isa = PBXFileReference; explicitFileType = wrapper.application; includeInIndex = 0; path = AppStore.app; sourceTree = BUILT_PRODUCTS_DIR; };
		DD14377927DCDF9800B7EE4B /* AppDelegate.swift */ = {isa = PBXFileReference; lastKnownFileType = sourcecode.swift; path = AppDelegate.swift; sourceTree = "<group>"; };
		DD14377B27DCDF9800B7EE4B /* SceneDelegate.swift */ = {isa = PBXFileReference; lastKnownFileType = sourcecode.swift; path = SceneDelegate.swift; sourceTree = "<group>"; };
		DD14377D27DCDF9800B7EE4B /* TabBarController.swift */ = {isa = PBXFileReference; lastKnownFileType = sourcecode.swift; path = TabBarController.swift; sourceTree = "<group>"; };
		DD14378227DCDF9900B7EE4B /* Assets.xcassets */ = {isa = PBXFileReference; lastKnownFileType = folder.assetcatalog; path = Assets.xcassets; sourceTree = "<group>"; };
		DD14378527DCDF9900B7EE4B /* Base */ = {isa = PBXFileReference; lastKnownFileType = file.storyboard; name = Base; path = Base.lproj/LaunchScreen.storyboard; sourceTree = "<group>"; };
		DD14378727DCDF9900B7EE4B /* Info.plist */ = {isa = PBXFileReference; lastKnownFileType = text.plist.xml; path = Info.plist; sourceTree = "<group>"; };
		DD14379527DE0EA300B7EE4B /* TodayViewController.swift */ = {isa = PBXFileReference; lastKnownFileType = sourcecode.swift; path = TodayViewController.swift; sourceTree = "<group>"; };
		DD14379727DE156600B7EE4B /* TodayCollectionViewCell.swift */ = {isa = PBXFileReference; lastKnownFileType = sourcecode.swift; path = TodayCollectionViewCell.swift; sourceTree = "<group>"; };
		DD14379927DE24B800B7EE4B /* TodayCollectionHeaderView.swift */ = {isa = PBXFileReference; lastKnownFileType = sourcecode.swift; path = TodayCollectionHeaderView.swift; sourceTree = "<group>"; };
		DD14379B27DEF28600B7EE4B /* AppViewController.swift */ = {isa = PBXFileReference; lastKnownFileType = sourcecode.swift; path = AppViewController.swift; sourceTree = "<group>"; };
		DD14379E27DF109A00B7EE4B /* FeatureSectionView.swift */ = {isa = PBXFileReference; lastKnownFileType = sourcecode.swift; path = FeatureSectionView.swift; sourceTree = "<group>"; };
		DD1437A027DF18AF00B7EE4B /* FeatureSectionCollectionViewCell.swift */ = {isa = PBXFileReference; lastKnownFileType = sourcecode.swift; path = FeatureSectionCollectionViewCell.swift; sourceTree = "<group>"; };
		DD1437A227DF211900B7EE4B /* SeparatorView.swift */ = {isa = PBXFileReference; lastKnownFileType = sourcecode.swift; path = SeparatorView.swift; sourceTree = "<group>"; };
		DD1437A427DF23A800B7EE4B /* RankingFeatureSectionView.swift */ = {isa = PBXFileReference; lastKnownFileType = sourcecode.swift; path = RankingFeatureSectionView.swift; sourceTree = "<group>"; };
		DD1437A627E0671300B7EE4B /* RankingFeatureSectionViewCell.swift */ = {isa = PBXFileReference; lastKnownFileType = sourcecode.swift; path = RankingFeatureSectionViewCell.swift; sourceTree = "<group>"; };
/* End PBXFileReference section */

/* Begin PBXFrameworksBuildPhase section */
		DD14377327DCDF9700B7EE4B /* Frameworks */ = {
			isa = PBXFrameworksBuildPhase;
			buildActionMask = 2147483647;
			files = (
				DD14379227DCE07100B7EE4B /* Kingfisher in Frameworks */,
				DD14378F27DCE04000B7EE4B /* SnapKit in Frameworks */,
			);
			runOnlyForDeploymentPostprocessing = 0;
		};
/* End PBXFrameworksBuildPhase section */

/* Begin PBXGroup section */
		DD14376D27DCDF9700B7EE4B = {
			isa = PBXGroup;
			children = (
				DD14377827DCDF9700B7EE4B /* AppStore */,
				DD14377727DCDF9700B7EE4B /* Products */,
			);
			sourceTree = "<group>";
		};
		DD14377727DCDF9700B7EE4B /* Products */ = {
			isa = PBXGroup;
			children = (
				DD14377627DCDF9700B7EE4B /* AppStore.app */,
			);
			name = Products;
			sourceTree = "<group>";
		};
		DD14377827DCDF9700B7EE4B /* AppStore */ = {
			isa = PBXGroup;
			children = (
				DD14377927DCDF9800B7EE4B /* AppDelegate.swift */,
				DD14377B27DCDF9800B7EE4B /* SceneDelegate.swift */,
				DD14379327DE0E0700B7EE4B /* Scenes(화면 관련) */,
				DD14378227DCDF9900B7EE4B /* Assets.xcassets */,
				DD14378427DCDF9900B7EE4B /* LaunchScreen.storyboard */,
				DD14378727DCDF9900B7EE4B /* Info.plist */,
			);
			path = AppStore;
			sourceTree = "<group>";
		};
		DD14379327DE0E0700B7EE4B /* Scenes(화면 관련) */ = {
			isa = PBXGroup;
			children = (
				DD14379D27DEF28D00B7EE4B /* App */,
				DD14379427DE0E3600B7EE4B /* Today */,
				DD14377D27DCDF9800B7EE4B /* TabBarController.swift */,
			);
			name = "Scenes(화면 관련)";
			path = "Scenes(화면 관련)";
			sourceTree = "<group>";
		};
		DD14379427DE0E3600B7EE4B /* Today */ = {
			isa = PBXGroup;
			children = (
				DD14379527DE0EA300B7EE4B /* TodayViewController.swift */,
				DD14379727DE156600B7EE4B /* TodayCollectionViewCell.swift */,
				DD14379927DE24B800B7EE4B /* TodayCollectionHeaderView.swift */,
			);
			path = Today;
			sourceTree = "<group>";
		};
		DD14379D27DEF28D00B7EE4B /* App */ = {
			isa = PBXGroup;
			children = (
				DD14379B27DEF28600B7EE4B /* AppViewController.swift */,
				DD14379E27DF109A00B7EE4B /* FeatureSectionView.swift */,
				DD1437A027DF18AF00B7EE4B /* FeatureSectionCollectionViewCell.swift */,
				DD1437A227DF211900B7EE4B /* SeparatorView.swift */,
				DD1437A427DF23A800B7EE4B /* RankingFeatureSectionView.swift */,
				DD1437A627E0671300B7EE4B /* RankingFeatureSectionViewCell.swift */,
			);
			path = App;
			sourceTree = "<group>";
		};
/* End PBXGroup section */

/* Begin PBXNativeTarget section */
		DD14377527DCDF9700B7EE4B /* AppStore */ = {
			isa = PBXNativeTarget;
			buildConfigurationList = DD14378A27DCDF9900B7EE4B /* Build configuration list for PBXNativeTarget "AppStore" */;
			buildPhases = (
				DD14377227DCDF9700B7EE4B /* Sources */,
				DD14377327DCDF9700B7EE4B /* Frameworks */,
				DD14377427DCDF9700B7EE4B /* Resources */,
			);
			buildRules = (
			);
			dependencies = (
			);
			name = AppStore;
			packageProductDependencies = (
				DD14378E27DCE04000B7EE4B /* SnapKit */,
				DD14379127DCE07000B7EE4B /* Kingfisher */,
			);
			productName = AppStore;
			productReference = DD14377627DCDF9700B7EE4B /* AppStore.app */;
			productType = "com.apple.product-type.application";
		};
/* End PBXNativeTarget section */

/* Begin PBXProject section */
		DD14376E27DCDF9700B7EE4B /* Project object */ = {
			isa = PBXProject;
			attributes = {
				BuildIndependentTargetsInParallel = 1;
				LastSwiftUpdateCheck = 1320;
				LastUpgradeCheck = 1320;
				TargetAttributes = {
					DD14377527DCDF9700B7EE4B = {
						CreatedOnToolsVersion = 13.2.1;
					};
				};
			};
			buildConfigurationList = DD14377127DCDF9700B7EE4B /* Build configuration list for PBXProject "AppStore" */;
			compatibilityVersion = "Xcode 13.0";
			developmentRegion = en;
			hasScannedForEncodings = 0;
			knownRegions = (
				en,
				Base,
			);
			mainGroup = DD14376D27DCDF9700B7EE4B;
			packageReferences = (
				DD14378D27DCE04000B7EE4B /* XCRemoteSwiftPackageReference "SnapKit" */,
				DD14379027DCE07000B7EE4B /* XCRemoteSwiftPackageReference "Kingfisher" */,
			);
			productRefGroup = DD14377727DCDF9700B7EE4B /* Products */;
			projectDirPath = "";
			projectRoot = "";
			targets = (
				DD14377527DCDF9700B7EE4B /* AppStore */,
			);
		};
/* End PBXProject section */

/* Begin PBXResourcesBuildPhase section */
		DD14377427DCDF9700B7EE4B /* Resources */ = {
			isa = PBXResourcesBuildPhase;
			buildActionMask = 2147483647;
			files = (
				DD14378627DCDF9900B7EE4B /* LaunchScreen.storyboard in Resources */,
				DD14378327DCDF9900B7EE4B /* Assets.xcassets in Resources */,
			);
			runOnlyForDeploymentPostprocessing = 0;
		};
/* End PBXResourcesBuildPhase section */

/* Begin PBXSourcesBuildPhase section */
		DD14377227DCDF9700B7EE4B /* Sources */ = {
			isa = PBXSourcesBuildPhase;
			buildActionMask = 2147483647;
			files = (
				DD14379627DE0EA300B7EE4B /* TodayViewController.swift in Sources */,
				DD14377E27DCDF9800B7EE4B /* TabBarController.swift in Sources */,
				DD1437A327DF211900B7EE4B /* SeparatorView.swift in Sources */,
				DD14377A27DCDF9800B7EE4B /* AppDelegate.swift in Sources */,
				DD1437A727E0671300B7EE4B /* RankingFeatureSectionViewCell.swift in Sources */,
				DD14379A27DE24B800B7EE4B /* TodayCollectionHeaderView.swift in Sources */,
				DD14379C27DEF28600B7EE4B /* AppViewController.swift in Sources */,
				DD1437A127DF18AF00B7EE4B /* FeatureSectionCollectionViewCell.swift in Sources */,
				DD14377C27DCDF9800B7EE4B /* SceneDelegate.swift in Sources */,
				DD14379827DE156600B7EE4B /* TodayCollectionViewCell.swift in Sources */,
				DD14379F27DF109A00B7EE4B /* FeatureSectionView.swift in Sources */,
				DD1437A527DF23A800B7EE4B /* RankingFeatureSectionView.swift in Sources */,
			);
			runOnlyForDeploymentPostprocessing = 0;
		};
/* End PBXSourcesBuildPhase section */

/* Begin PBXVariantGroup section */
		DD14378427DCDF9900B7EE4B /* LaunchScreen.storyboard */ = {
			isa = PBXVariantGroup;
			children = (
				DD14378527DCDF9900B7EE4B /* Base */,
			);
			name = LaunchScreen.storyboard;
			sourceTree = "<group>";
		};
/* End PBXVariantGroup section */

/* Begin XCBuildConfiguration section */
		DD14378827DCDF9900B7EE4B /* Debug */ = {
			isa = XCBuildConfiguration;
			buildSettings = {
				ALWAYS_SEARCH_USER_PATHS = NO;
				CLANG_ANALYZER_NONNULL = YES;
				CLANG_ANALYZER_NUMBER_OBJECT_CONVERSION = YES_AGGRESSIVE;
				CLANG_CXX_LANGUAGE_STANDARD = "gnu++17";
				CLANG_CXX_LIBRARY = "libc++";
				CLANG_ENABLE_MODULES = YES;
				CLANG_ENABLE_OBJC_ARC = YES;
				CLANG_ENABLE_OBJC_WEAK = YES;
				CLANG_WARN_BLOCK_CAPTURE_AUTORELEASING = YES;
				CLANG_WARN_BOOL_CONVERSION = YES;
				CLANG_WARN_COMMA = YES;
				CLANG_WARN_CONSTANT_CONVERSION = YES;
				CLANG_WARN_DEPRECATED_OBJC_IMPLEMENTATIONS = YES;
				CLANG_WARN_DIRECT_OBJC_ISA_USAGE = YES_ERROR;
				CLANG_WARN_DOCUMENTATION_COMMENTS = YES;
				CLANG_WARN_EMPTY_BODY = YES;
				CLANG_WARN_ENUM_CONVERSION = YES;
				CLANG_WARN_INFINITE_RECURSION = YES;
				CLANG_WARN_INT_CONVERSION = YES;
				CLANG_WARN_NON_LITERAL_NULL_CONVERSION = YES;
				CLANG_WARN_OBJC_IMPLICIT_RETAIN_SELF = YES;
				CLANG_WARN_OBJC_LITERAL_CONVERSION = YES;
				CLANG_WARN_OBJC_ROOT_CLASS = YES_ERROR;
				CLANG_WARN_QUOTED_INCLUDE_IN_FRAMEWORK_HEADER = YES;
				CLANG_WARN_RANGE_LOOP_ANALYSIS = YES;
				CLANG_WARN_STRICT_PROTOTYPES = YES;
				CLANG_WARN_SUSPICIOUS_MOVE = YES;
				CLANG_WARN_UNGUARDED_AVAILABILITY = YES_AGGRESSIVE;
				CLANG_WARN_UNREACHABLE_CODE = YES;
				CLANG_WARN__DUPLICATE_METHOD_MATCH = YES;
				COPY_PHASE_STRIP = NO;
				DEBUG_INFORMATION_FORMAT = dwarf;
				ENABLE_STRICT_OBJC_MSGSEND = YES;
				ENABLE_TESTABILITY = YES;
				GCC_C_LANGUAGE_STANDARD = gnu11;
				GCC_DYNAMIC_NO_PIC = NO;
				GCC_NO_COMMON_BLOCKS = YES;
				GCC_OPTIMIZATION_LEVEL = 0;
				GCC_PREPROCESSOR_DEFINITIONS = (
					"DEBUG=1",
					"$(inherited)",
				);
				GCC_WARN_64_TO_32_BIT_CONVERSION = YES;
				GCC_WARN_ABOUT_RETURN_TYPE = YES_ERROR;
				GCC_WARN_UNDECLARED_SELECTOR = YES;
				GCC_WARN_UNINITIALIZED_AUTOS = YES_AGGRESSIVE;
				GCC_WARN_UNUSED_FUNCTION = YES;
				GCC_WARN_UNUSED_VARIABLE = YES;
				IPHONEOS_DEPLOYMENT_TARGET = 15.2;
				MTL_ENABLE_DEBUG_INFO = INCLUDE_SOURCE;
				MTL_FAST_MATH = YES;
				ONLY_ACTIVE_ARCH = YES;
				SDKROOT = iphoneos;
				SWIFT_ACTIVE_COMPILATION_CONDITIONS = DEBUG;
				SWIFT_OPTIMIZATION_LEVEL = "-Onone";
			};
			name = Debug;
		};
		DD14378927DCDF9900B7EE4B /* Release */ = {
			isa = XCBuildConfiguration;
			buildSettings = {
				ALWAYS_SEARCH_USER_PATHS = NO;
				CLANG_ANALYZER_NONNULL = YES;
				CLANG_ANALYZER_NUMBER_OBJECT_CONVERSION = YES_AGGRESSIVE;
				CLANG_CXX_LANGUAGE_STANDARD = "gnu++17";
				CLANG_CXX_LIBRARY = "libc++";
				CLANG_ENABLE_MODULES = YES;
				CLANG_ENABLE_OBJC_ARC = YES;
				CLANG_ENABLE_OBJC_WEAK = YES;
				CLANG_WARN_BLOCK_CAPTURE_AUTORELEASING = YES;
				CLANG_WARN_BOOL_CONVERSION = YES;
				CLANG_WARN_COMMA = YES;
				CLANG_WARN_CONSTANT_CONVERSION = YES;
				CLANG_WARN_DEPRECATED_OBJC_IMPLEMENTATIONS = YES;
				CLANG_WARN_DIRECT_OBJC_ISA_USAGE = YES_ERROR;
				CLANG_WARN_DOCUMENTATION_COMMENTS = YES;
				CLANG_WARN_EMPTY_BODY = YES;
				CLANG_WARN_ENUM_CONVERSION = YES;
				CLANG_WARN_INFINITE_RECURSION = YES;
				CLANG_WARN_INT_CONVERSION = YES;
				CLANG_WARN_NON_LITERAL_NULL_CONVERSION = YES;
				CLANG_WARN_OBJC_IMPLICIT_RETAIN_SELF = YES;
				CLANG_WARN_OBJC_LITERAL_CONVERSION = YES;
				CLANG_WARN_OBJC_ROOT_CLASS = YES_ERROR;
				CLANG_WARN_QUOTED_INCLUDE_IN_FRAMEWORK_HEADER = YES;
				CLANG_WARN_RANGE_LOOP_ANALYSIS = YES;
				CLANG_WARN_STRICT_PROTOTYPES = YES;
				CLANG_WARN_SUSPICIOUS_MOVE = YES;
				CLANG_WARN_UNGUARDED_AVAILABILITY = YES_AGGRESSIVE;
				CLANG_WARN_UNREACHABLE_CODE = YES;
				CLANG_WARN__DUPLICATE_METHOD_MATCH = YES;
				COPY_PHASE_STRIP = NO;
				DEBUG_INFORMATION_FORMAT = "dwarf-with-dsym";
				ENABLE_NS_ASSERTIONS = NO;
				ENABLE_STRICT_OBJC_MSGSEND = YES;
				GCC_C_LANGUAGE_STANDARD = gnu11;
				GCC_NO_COMMON_BLOCKS = YES;
				GCC_WARN_64_TO_32_BIT_CONVERSION = YES;
				GCC_WARN_ABOUT_RETURN_TYPE = YES_ERROR;
				GCC_WARN_UNDECLARED_SELECTOR = YES;
				GCC_WARN_UNINITIALIZED_AUTOS = YES_AGGRESSIVE;
				GCC_WARN_UNUSED_FUNCTION = YES;
				GCC_WARN_UNUSED_VARIABLE = YES;
				IPHONEOS_DEPLOYMENT_TARGET = 15.2;
				MTL_ENABLE_DEBUG_INFO = NO;
				MTL_FAST_MATH = YES;
				SDKROOT = iphoneos;
				SWIFT_COMPILATION_MODE = wholemodule;
				SWIFT_OPTIMIZATION_LEVEL = "-O";
				VALIDATE_PRODUCT = YES;
			};
			name = Release;
		};
		DD14378B27DCDF9900B7EE4B /* Debug */ = {
			isa = XCBuildConfiguration;
			buildSettings = {
				ASSETCATALOG_COMPILER_APPICON_NAME = AppIcon;
				ASSETCATALOG_COMPILER_GLOBAL_ACCENT_COLOR_NAME = AccentColor;
				CODE_SIGN_STYLE = Automatic;
				CURRENT_PROJECT_VERSION = 1;
				DEVELOPMENT_TEAM = 6P7X76PR5Q;
				GENERATE_INFOPLIST_FILE = YES;
				INFOPLIST_FILE = AppStore/Info.plist;
				INFOPLIST_KEY_UIApplicationSupportsIndirectInputEvents = YES;
				INFOPLIST_KEY_UILaunchStoryboardName = LaunchScreen;
				INFOPLIST_KEY_UIMainStoryboardFile = LaunchScreen;
				INFOPLIST_KEY_UISupportedInterfaceOrientations_iPad = "UIInterfaceOrientationPortrait UIInterfaceOrientationPortraitUpsideDown UIInterfaceOrientationLandscapeLeft UIInterfaceOrientationLandscapeRight";
				INFOPLIST_KEY_UISupportedInterfaceOrientations_iPhone = "UIInterfaceOrientationPortrait UIInterfaceOrientationLandscapeLeft UIInterfaceOrientationLandscapeRight";
				LD_RUNPATH_SEARCH_PATHS = (
					"$(inherited)",
					"@executable_path/Frameworks",
				);
				MARKETING_VERSION = 1.0;
				PRODUCT_BUNDLE_IDENTIFIER = LeePaper.AppStore;
				PRODUCT_NAME = "$(TARGET_NAME)";
				SWIFT_EMIT_LOC_STRINGS = YES;
				SWIFT_VERSION = 5.0;
				TARGETED_DEVICE_FAMILY = "1,2";
			};
			name = Debug;
		};
		DD14378C27DCDF9900B7EE4B /* Release */ = {
			isa = XCBuildConfiguration;
			buildSettings = {
				ASSETCATALOG_COMPILER_APPICON_NAME = AppIcon;
				ASSETCATALOG_COMPILER_GLOBAL_ACCENT_COLOR_NAME = AccentColor;
				CODE_SIGN_STYLE = Automatic;
				CURRENT_PROJECT_VERSION = 1;
				DEVELOPMENT_TEAM = 6P7X76PR5Q;
				GENERATE_INFOPLIST_FILE = YES;
				INFOPLIST_FILE = AppStore/Info.plist;
				INFOPLIST_KEY_UIApplicationSupportsIndirectInputEvents = YES;
				INFOPLIST_KEY_UILaunchStoryboardName = LaunchScreen;
				INFOPLIST_KEY_UIMainStoryboardFile = LaunchScreen;
				INFOPLIST_KEY_UISupportedInterfaceOrientations_iPad = "UIInterfaceOrientationPortrait UIInterfaceOrientationPortraitUpsideDown UIInterfaceOrientationLandscapeLeft UIInterfaceOrientationLandscapeRight";
				INFOPLIST_KEY_UISupportedInterfaceOrientations_iPhone = "UIInterfaceOrientationPortrait UIInterfaceOrientationLandscapeLeft UIInterfaceOrientationLandscapeRight";
				LD_RUNPATH_SEARCH_PATHS = (
					"$(inherited)",
					"@executable_path/Frameworks",
				);
				MARKETING_VERSION = 1.0;
				PRODUCT_BUNDLE_IDENTIFIER = LeePaper.AppStore;
				PRODUCT_NAME = "$(TARGET_NAME)";
				SWIFT_EMIT_LOC_STRINGS = YES;
				SWIFT_VERSION = 5.0;
				TARGETED_DEVICE_FAMILY = "1,2";
			};
			name = Release;
		};
/* End XCBuildConfiguration section */

/* Begin XCConfigurationList section */
		DD14377127DCDF9700B7EE4B /* Build configuration list for PBXProject "AppStore" */ = {
			isa = XCConfigurationList;
			buildConfigurations = (
				DD14378827DCDF9900B7EE4B /* Debug */,
				DD14378927DCDF9900B7EE4B /* Release */,
			);
			defaultConfigurationIsVisible = 0;
			defaultConfigurationName = Release;
		};
		DD14378A27DCDF9900B7EE4B /* Build configuration list for PBXNativeTarget "AppStore" */ = {
			isa = XCConfigurationList;
			buildConfigurations = (
				DD14378B27DCDF9900B7EE4B /* Debug */,
				DD14378C27DCDF9900B7EE4B /* Release */,
			);
			defaultConfigurationIsVisible = 0;
			defaultConfigurationName = Release;
		};
/* End XCConfigurationList section */

/* Begin XCRemoteSwiftPackageReference section */
		DD14378D27DCE04000B7EE4B /* XCRemoteSwiftPackageReference "SnapKit" */ = {
			isa = XCRemoteSwiftPackageReference;
			repositoryURL = "https://github.com/SnapKit/SnapKit.git";
			requirement = {
				branch = develop;
				kind = branch;
			};
		};
		DD14379027DCE07000B7EE4B /* XCRemoteSwiftPackageReference "Kingfisher" */ = {
			isa = XCRemoteSwiftPackageReference;
			repositoryURL = "https://github.com/onevcat/Kingfisher.git";
			requirement = {
				branch = master;
				kind = branch;
			};
		};
/* End XCRemoteSwiftPackageReference section */

/* Begin XCSwiftPackageProductDependency section */
		DD14378E27DCE04000B7EE4B /* SnapKit */ = {
			isa = XCSwiftPackageProductDependency;
			package = DD14378D27DCE04000B7EE4B /* XCRemoteSwiftPackageReference "SnapKit" */;
			productName = SnapKit;
		};
		DD14379127DCE07000B7EE4B /* Kingfisher */ = {
			isa = XCSwiftPackageProductDependency;
			package = DD14379027DCE07000B7EE4B /* XCRemoteSwiftPackageReference "Kingfisher" */;
			productName = Kingfisher;
		};
/* End XCSwiftPackageProductDependency section */
	};
	rootObject = DD14376E27DCDF9700B7EE4B /* Project object */;
}
